
Microsoft Visual Studio Solution File, Format Version 12.00
# Visual Studio 15
VisualStudioVersion = 15.0.26430.12
MinimumVisualStudioVersion = 10.0.40219.1
Project("{A07B5EB6-E848-4116-A8D0-A826331D98C6}") = "BankingService", "BankingService\BankingService.sfproj", "{B06147C8-9B12-4575-9AC6-FA06E457F707}"
EndProject
Project("{FAE04EC0-301F-11D3-BF4B-00C04F79EFBC}") = "AccountActor", "AccountActor\AccountActor.csproj", "{6AC95773-3EDF-4E3E-B52F-4EEA8071EB28}"
EndProject
Project("{FAE04EC0-301F-11D3-BF4B-00C04F79EFBC}") = "AccountActor.Interfaces", "AccountActor.Interfaces\AccountActor.Interfaces.csproj", "{F0A3616E-400E-4F7B-A91F-668440A1E103}"
EndProject
Project("{2150E333-8FDC-42A3-9474-1A3956D46DE8}") = "Actors", "Actors", "{7DF95431-05D6-44D5-A188-5A4F2219427D}"
EndProject
Project("{2150E333-8FDC-42A3-9474-1A3956D46DE8}") = "API", "API", "{12BF4BE1-6251-41BB-8BA1-5548FCEF2D5C}"
EndProject
Project("{FAE04EC0-301F-11D3-BF4B-00C04F79EFBC}") = "BankingWeb", "BankingWeb\BankingWeb.csproj", "{2E7D9374-73C1-43BF-A21A-2259AB1968D2}"
EndProject
Project("{2150E333-8FDC-42A3-9474-1A3956D46DE8}") = "Domain", "Domain", "{7574C7E3-EF98-4FF0-A703-3C28E6810A8B}"
EndProject
Project("{FAE04EC0-301F-11D3-BF4B-00C04F79EFBC}") = "Accounts.Domain", "Accounts.Domain\Accounts.Domain.csproj", "{5F6487E7-B4D7-4020-8566-681ABBDF31CD}"
EndProject
Project("{FAE04EC0-301F-11D3-BF4B-00C04F79EFBC}") = "Banking.Domain", "Banking.Domain\Banking.Domain.csproj", "{3F44F6A8-B565-46E8-A8DF-0DE5EF9A036B}"
EndProject
Project("{00D1A9C2-B5F0-4AF3-8072-F6C62B433612}") = "Banking.Database", "Banking.Database\Banking.Database.sqlproj", "{4B48AAF6-22E1-4289-9E65-B8DF21A62BA2}"
EndProject
Project("{FAE04EC0-301F-11D3-BF4B-00C04F79EFBC}") = "CustomerActor", "CustomerActor\CustomerActor.csproj", "{CFFB4AB4-CF40-45DF-8890-721DEA2FDC48}"
EndProject
Project("{FAE04EC0-301F-11D3-BF4B-00C04F79EFBC}") = "CustomerActor.Interfaces", "CustomerActor.Interfaces\CustomerActor.Interfaces.csproj", "{2E48659B-92B7-49A1-9B78-191239A7BB4E}"
EndProject
Project("{FAE04EC0-301F-11D3-BF4B-00C04F79EFBC}") = "Customer.Domain", "Customer.Domain\Customer.Domain.csproj", "{DCADDF66-326E-424E-AE55-DC56C93FFE72}"
EndProject
Project("{FAE04EC0-301F-11D3-BF4B-00C04F79EFBC}") = "BankingApi", "BankingApi\BankingApi.csproj", "{3546AEC1-23D6-4263-9078-BE0E7C1DE300}"
EndProject
Project("{FAE04EC0-301F-11D3-BF4B-00C04F79EFBC}") = "Banking.Domain.Tests", "Banking.Domain.Tests\Banking.Domain.Tests.csproj", "{AACD5A6C-AAC0-4626-8FF6-70B183185DF2}"
EndProject
Project("{FAE04EC0-301F-11D3-BF4B-00C04F79EFBC}") = "AccountActor.Tests", "AccountActor.Tests\AccountActor.Tests.csproj", "{F2FA1B20-C579-429A-B115-C47873785402}"
EndProject
Project("{FAE04EC0-301F-11D3-BF4B-00C04F79EFBC}") = "CreditAccountActor", "CreditAccountActor\CreditAccountActor.csproj", "{497F611D-6B14-4F74-9AAC-B59AE2E68602}"
EndProject
Project("{FAE04EC0-301F-11D3-BF4B-00C04F79EFBC}") = "CreditAccountActor.Interfaces", "CreditAccountActor.Interfaces\CreditAccountActor.Interfaces.csproj", "{9ACA5C55-9BAE-4BDA-AB0F-7B710C871B54}"
EndProject
Project("{FAE04EC0-301F-11D3-BF4B-00C04F79EFBC}") = "Credits.Domain", "Credits.Domain\Credits.Domain.csproj", "{AAF192FF-E715-4390-BDBB-F13CCCD76D12}"
EndProject
Project("{FAE04EC0-301F-11D3-BF4B-00C04F79EFBC}") = "BankingIntegrationTests", "BankingIntegrationTests\BankingIntegrationTests.csproj", "{8276843D-C7B5-4A79-9E34-AE7D80FE49CC}"
EndProject
Project("{FAE04EC0-301F-11D3-BF4B-00C04F79EFBC}") = "Transaction.Domain", "Transaction.Domain\Transaction.Domain.csproj", "{DF6DC407-CA1D-4436-BD69-CED9B8313374}"
EndProject
Project("{2150E333-8FDC-42A3-9474-1A3956D46DE8}") = "Services", "Services", "{C94A4690-88E0-409D-9EA3-5449BC3B0CA1}"
EndProject
Project("{FAE04EC0-301F-11D3-BF4B-00C04F79EFBC}") = "TransactionProcessingService", "TransactionProcessingService\TransactionProcessingService.csproj", "{01122B82-38DF-4E69-8768-1559C852E51B}"
EndProject
Project("{FAE04EC0-301F-11D3-BF4B-00C04F79EFBC}") = "Credits.Interfaces", "Credits.Interfaces\Credits.Interfaces.csproj", "{104F5AF0-3278-4B43-9B2E-B5D008D3212F}"
EndProject
Project("{FAE04EC0-301F-11D3-BF4B-00C04F79EFBC}") = "CreditTransactionsActor", "CreditTransactionsActor\CreditTransactionsActor.csproj", "{CEB56B04-679D-4789-ADFA-40BBF814FDAB}"
EndProject
Project("{FAE04EC0-301F-11D3-BF4B-00C04F79EFBC}") = "CreditTransactionsActor.Interfaces", "CreditTransactionsActor.Interfaces\CreditTransactionsActor.Interfaces.csproj", "{19E2AF0A-CCA3-4514-A77E-873987717C27}"
EndProject
Project("{FAE04EC0-301F-11D3-BF4B-00C04F79EFBC}") = "CreditPaymentsActor", "CreditPaymentsActor\CreditPaymentsActor.csproj", "{13D9A13A-7506-432E-85DE-BAE85D3D74D8}"
EndProject
Project("{FAE04EC0-301F-11D3-BF4B-00C04F79EFBC}") = "CreditPaymentsActor.Interfaces", "CreditPaymentsActor.Interfaces\CreditPaymentsActor.Interfaces.csproj", "{24ECDA96-F5D5-4734-96AA-CC64B44E7927}"
EndProject
Project("{FAE04EC0-301F-11D3-BF4B-00C04F79EFBC}") = "CorrectionsService", "CorrectionsService\CorrectionsService.csproj", "{D874F953-2D6D-4251-8A53-D72B9CFD0BBA}"
EndProject
Project("{FAE04EC0-301F-11D3-BF4B-00C04F79EFBC}") = "BillingPeriodService", "BillingPeriodService\BillingPeriodService.csproj", "{3453974D-284D-4452-9231-48C7DB97878A}"
EndProject
Project("{2150E333-8FDC-42A3-9474-1A3956D46DE8}") = "Security", "Security", "{B042849F-9D5F-40F2-B5B4-BBFD8B676274}"
EndProject
Project("{FAE04EC0-301F-11D3-BF4B-00C04F79EFBC}") = "InterestService", "InterestService\InterestService.csproj", "{D0B72789-8A44-4B14-A081-DC96B4AEA006}"
EndProject
Global
	GlobalSection(SolutionConfigurationPlatforms) = preSolution
		Debug|Any CPU = Debug|Any CPU
		Debug|x64 = Debug|x64
		Release|Any CPU = Release|Any CPU
		Release|x64 = Release|x64
	EndGlobalSection
	GlobalSection(ProjectConfigurationPlatforms) = postSolution
		{B06147C8-9B12-4575-9AC6-FA06E457F707}.Debug|Any CPU.ActiveCfg = Debug|x64
		{B06147C8-9B12-4575-9AC6-FA06E457F707}.Debug|x64.ActiveCfg = Debug|x64
		{B06147C8-9B12-4575-9AC6-FA06E457F707}.Debug|x64.Build.0 = Debug|x64
		{B06147C8-9B12-4575-9AC6-FA06E457F707}.Debug|x64.Deploy.0 = Debug|x64
		{B06147C8-9B12-4575-9AC6-FA06E457F707}.Release|Any CPU.ActiveCfg = Release|x64
		{B06147C8-9B12-4575-9AC6-FA06E457F707}.Release|x64.ActiveCfg = Release|x64
		{B06147C8-9B12-4575-9AC6-FA06E457F707}.Release|x64.Build.0 = Release|x64
		{B06147C8-9B12-4575-9AC6-FA06E457F707}.Release|x64.Deploy.0 = Release|x64
		{6AC95773-3EDF-4E3E-B52F-4EEA8071EB28}.Debug|Any CPU.ActiveCfg = Debug|x64
		{6AC95773-3EDF-4E3E-B52F-4EEA8071EB28}.Debug|x64.ActiveCfg = Debug|x64
		{6AC95773-3EDF-4E3E-B52F-4EEA8071EB28}.Debug|x64.Build.0 = Debug|x64
		{6AC95773-3EDF-4E3E-B52F-4EEA8071EB28}.Release|Any CPU.ActiveCfg = Release|x64
		{6AC95773-3EDF-4E3E-B52F-4EEA8071EB28}.Release|x64.ActiveCfg = Release|x64
		{6AC95773-3EDF-4E3E-B52F-4EEA8071EB28}.Release|x64.Build.0 = Release|x64
		{F0A3616E-400E-4F7B-A91F-668440A1E103}.Debug|Any CPU.ActiveCfg = Debug|x64
		{F0A3616E-400E-4F7B-A91F-668440A1E103}.Debug|x64.ActiveCfg = Debug|x64
		{F0A3616E-400E-4F7B-A91F-668440A1E103}.Debug|x64.Build.0 = Debug|x64
		{F0A3616E-400E-4F7B-A91F-668440A1E103}.Release|Any CPU.ActiveCfg = Release|x64
		{F0A3616E-400E-4F7B-A91F-668440A1E103}.Release|x64.ActiveCfg = Release|x64
		{F0A3616E-400E-4F7B-A91F-668440A1E103}.Release|x64.Build.0 = Release|x64
		{2E7D9374-73C1-43BF-A21A-2259AB1968D2}.Debug|Any CPU.ActiveCfg = Debug|Any CPU
		{2E7D9374-73C1-43BF-A21A-2259AB1968D2}.Debug|Any CPU.Build.0 = Debug|Any CPU
		{2E7D9374-73C1-43BF-A21A-2259AB1968D2}.Debug|x64.ActiveCfg = Debug|Any CPU
		{2E7D9374-73C1-43BF-A21A-2259AB1968D2}.Debug|x64.Build.0 = Debug|Any CPU
		{2E7D9374-73C1-43BF-A21A-2259AB1968D2}.Release|Any CPU.ActiveCfg = Release|Any CPU
		{2E7D9374-73C1-43BF-A21A-2259AB1968D2}.Release|Any CPU.Build.0 = Release|Any CPU
		{2E7D9374-73C1-43BF-A21A-2259AB1968D2}.Release|x64.ActiveCfg = Release|Any CPU
		{2E7D9374-73C1-43BF-A21A-2259AB1968D2}.Release|x64.Build.0 = Release|Any CPU
		{5F6487E7-B4D7-4020-8566-681ABBDF31CD}.Debug|Any CPU.ActiveCfg = Debug|Any CPU
		{5F6487E7-B4D7-4020-8566-681ABBDF31CD}.Debug|Any CPU.Build.0 = Debug|Any CPU
		{5F6487E7-B4D7-4020-8566-681ABBDF31CD}.Debug|x64.ActiveCfg = Debug|Any CPU
		{5F6487E7-B4D7-4020-8566-681ABBDF31CD}.Debug|x64.Build.0 = Debug|Any CPU
		{5F6487E7-B4D7-4020-8566-681ABBDF31CD}.Release|Any CPU.ActiveCfg = Release|Any CPU
		{5F6487E7-B4D7-4020-8566-681ABBDF31CD}.Release|Any CPU.Build.0 = Release|Any CPU
		{5F6487E7-B4D7-4020-8566-681ABBDF31CD}.Release|x64.ActiveCfg = Release|Any CPU
		{5F6487E7-B4D7-4020-8566-681ABBDF31CD}.Release|x64.Build.0 = Release|Any CPU
		{3F44F6A8-B565-46E8-A8DF-0DE5EF9A036B}.Debug|Any CPU.ActiveCfg = Debug|Any CPU
		{3F44F6A8-B565-46E8-A8DF-0DE5EF9A036B}.Debug|Any CPU.Build.0 = Debug|Any CPU
		{3F44F6A8-B565-46E8-A8DF-0DE5EF9A036B}.Debug|x64.ActiveCfg = Debug|Any CPU
		{3F44F6A8-B565-46E8-A8DF-0DE5EF9A036B}.Debug|x64.Build.0 = Debug|Any CPU
		{3F44F6A8-B565-46E8-A8DF-0DE5EF9A036B}.Release|Any CPU.ActiveCfg = Release|Any CPU
		{3F44F6A8-B565-46E8-A8DF-0DE5EF9A036B}.Release|Any CPU.Build.0 = Release|Any CPU
		{3F44F6A8-B565-46E8-A8DF-0DE5EF9A036B}.Release|x64.ActiveCfg = Release|Any CPU
		{3F44F6A8-B565-46E8-A8DF-0DE5EF9A036B}.Release|x64.Build.0 = Release|Any CPU
		{4B48AAF6-22E1-4289-9E65-B8DF21A62BA2}.Debug|Any CPU.ActiveCfg = Debug|Any CPU
		{4B48AAF6-22E1-4289-9E65-B8DF21A62BA2}.Debug|Any CPU.Build.0 = Debug|Any CPU
		{4B48AAF6-22E1-4289-9E65-B8DF21A62BA2}.Debug|Any CPU.Deploy.0 = Debug|Any CPU
		{4B48AAF6-22E1-4289-9E65-B8DF21A62BA2}.Debug|x64.ActiveCfg = Debug|Any CPU
		{4B48AAF6-22E1-4289-9E65-B8DF21A62BA2}.Debug|x64.Build.0 = Debug|Any CPU
		{4B48AAF6-22E1-4289-9E65-B8DF21A62BA2}.Debug|x64.Deploy.0 = Debug|Any CPU
		{4B48AAF6-22E1-4289-9E65-B8DF21A62BA2}.Release|Any CPU.ActiveCfg = Release|Any CPU
		{4B48AAF6-22E1-4289-9E65-B8DF21A62BA2}.Release|Any CPU.Build.0 = Release|Any CPU
		{4B48AAF6-22E1-4289-9E65-B8DF21A62BA2}.Release|Any CPU.Deploy.0 = Release|Any CPU
		{4B48AAF6-22E1-4289-9E65-B8DF21A62BA2}.Release|x64.ActiveCfg = Release|Any CPU
		{4B48AAF6-22E1-4289-9E65-B8DF21A62BA2}.Release|x64.Build.0 = Release|Any CPU
		{4B48AAF6-22E1-4289-9E65-B8DF21A62BA2}.Release|x64.Deploy.0 = Release|Any CPU
		{CFFB4AB4-CF40-45DF-8890-721DEA2FDC48}.Debug|Any CPU.ActiveCfg = Debug|x64
		{CFFB4AB4-CF40-45DF-8890-721DEA2FDC48}.Debug|x64.ActiveCfg = Debug|x64
		{CFFB4AB4-CF40-45DF-8890-721DEA2FDC48}.Debug|x64.Build.0 = Debug|x64
		{CFFB4AB4-CF40-45DF-8890-721DEA2FDC48}.Release|Any CPU.ActiveCfg = Release|x64
		{CFFB4AB4-CF40-45DF-8890-721DEA2FDC48}.Release|x64.ActiveCfg = Release|x64
		{CFFB4AB4-CF40-45DF-8890-721DEA2FDC48}.Release|x64.Build.0 = Release|x64
		{2E48659B-92B7-49A1-9B78-191239A7BB4E}.Debug|Any CPU.ActiveCfg = Debug|x64
		{2E48659B-92B7-49A1-9B78-191239A7BB4E}.Debug|x64.ActiveCfg = Debug|x64
		{2E48659B-92B7-49A1-9B78-191239A7BB4E}.Debug|x64.Build.0 = Debug|x64
		{2E48659B-92B7-49A1-9B78-191239A7BB4E}.Release|Any CPU.ActiveCfg = Release|x64
		{2E48659B-92B7-49A1-9B78-191239A7BB4E}.Release|x64.ActiveCfg = Release|x64
		{2E48659B-92B7-49A1-9B78-191239A7BB4E}.Release|x64.Build.0 = Release|x64
		{DCADDF66-326E-424E-AE55-DC56C93FFE72}.Debug|Any CPU.ActiveCfg = Debug|Any CPU
		{DCADDF66-326E-424E-AE55-DC56C93FFE72}.Debug|Any CPU.Build.0 = Debug|Any CPU
		{DCADDF66-326E-424E-AE55-DC56C93FFE72}.Debug|x64.ActiveCfg = Debug|Any CPU
		{DCADDF66-326E-424E-AE55-DC56C93FFE72}.Debug|x64.Build.0 = Debug|Any CPU
		{DCADDF66-326E-424E-AE55-DC56C93FFE72}.Release|Any CPU.ActiveCfg = Release|Any CPU
		{DCADDF66-326E-424E-AE55-DC56C93FFE72}.Release|Any CPU.Build.0 = Release|Any CPU
		{DCADDF66-326E-424E-AE55-DC56C93FFE72}.Release|x64.ActiveCfg = Release|Any CPU
		{DCADDF66-326E-424E-AE55-DC56C93FFE72}.Release|x64.Build.0 = Release|Any CPU
		{3546AEC1-23D6-4263-9078-BE0E7C1DE300}.Debug|Any CPU.ActiveCfg = Debug|Any CPU
		{3546AEC1-23D6-4263-9078-BE0E7C1DE300}.Debug|Any CPU.Build.0 = Debug|Any CPU
		{3546AEC1-23D6-4263-9078-BE0E7C1DE300}.Debug|x64.ActiveCfg = Debug|Any CPU
		{3546AEC1-23D6-4263-9078-BE0E7C1DE300}.Debug|x64.Build.0 = Debug|Any CPU
		{3546AEC1-23D6-4263-9078-BE0E7C1DE300}.Release|Any CPU.ActiveCfg = Release|Any CPU
		{3546AEC1-23D6-4263-9078-BE0E7C1DE300}.Release|Any CPU.Build.0 = Release|Any CPU
		{3546AEC1-23D6-4263-9078-BE0E7C1DE300}.Release|x64.ActiveCfg = Release|Any CPU
		{3546AEC1-23D6-4263-9078-BE0E7C1DE300}.Release|x64.Build.0 = Release|Any CPU
		{AACD5A6C-AAC0-4626-8FF6-70B183185DF2}.Debug|Any CPU.ActiveCfg = Debug|Any CPU
		{AACD5A6C-AAC0-4626-8FF6-70B183185DF2}.Debug|Any CPU.Build.0 = Debug|Any CPU
		{AACD5A6C-AAC0-4626-8FF6-70B183185DF2}.Debug|x64.ActiveCfg = Debug|Any CPU
		{AACD5A6C-AAC0-4626-8FF6-70B183185DF2}.Debug|x64.Build.0 = Debug|Any CPU
		{AACD5A6C-AAC0-4626-8FF6-70B183185DF2}.Release|Any CPU.ActiveCfg = Release|Any CPU
		{AACD5A6C-AAC0-4626-8FF6-70B183185DF2}.Release|Any CPU.Build.0 = Release|Any CPU
		{AACD5A6C-AAC0-4626-8FF6-70B183185DF2}.Release|x64.ActiveCfg = Release|Any CPU
		{AACD5A6C-AAC0-4626-8FF6-70B183185DF2}.Release|x64.Build.0 = Release|Any CPU
		{F2FA1B20-C579-429A-B115-C47873785402}.Debug|Any CPU.ActiveCfg = Debug|Any CPU
		{F2FA1B20-C579-429A-B115-C47873785402}.Debug|Any CPU.Build.0 = Debug|Any CPU
		{F2FA1B20-C579-429A-B115-C47873785402}.Debug|x64.ActiveCfg = Debug|Any CPU
		{F2FA1B20-C579-429A-B115-C47873785402}.Debug|x64.Build.0 = Debug|Any CPU
		{F2FA1B20-C579-429A-B115-C47873785402}.Release|Any CPU.ActiveCfg = Release|Any CPU
		{F2FA1B20-C579-429A-B115-C47873785402}.Release|Any CPU.Build.0 = Release|Any CPU
		{F2FA1B20-C579-429A-B115-C47873785402}.Release|x64.ActiveCfg = Release|Any CPU
		{F2FA1B20-C579-429A-B115-C47873785402}.Release|x64.Build.0 = Release|Any CPU
		{497F611D-6B14-4F74-9AAC-B59AE2E68602}.Debug|Any CPU.ActiveCfg = Debug|x64
		{497F611D-6B14-4F74-9AAC-B59AE2E68602}.Debug|x64.ActiveCfg = Debug|x64
		{497F611D-6B14-4F74-9AAC-B59AE2E68602}.Debug|x64.Build.0 = Debug|x64
		{497F611D-6B14-4F74-9AAC-B59AE2E68602}.Release|Any CPU.ActiveCfg = Release|x64
		{497F611D-6B14-4F74-9AAC-B59AE2E68602}.Release|x64.ActiveCfg = Release|x64
		{497F611D-6B14-4F74-9AAC-B59AE2E68602}.Release|x64.Build.0 = Release|x64
		{9ACA5C55-9BAE-4BDA-AB0F-7B710C871B54}.Debug|Any CPU.ActiveCfg = Debug|x64
		{9ACA5C55-9BAE-4BDA-AB0F-7B710C871B54}.Debug|x64.ActiveCfg = Debug|x64
		{9ACA5C55-9BAE-4BDA-AB0F-7B710C871B54}.Debug|x64.Build.0 = Debug|x64
		{9ACA5C55-9BAE-4BDA-AB0F-7B710C871B54}.Release|Any CPU.ActiveCfg = Release|x64
		{9ACA5C55-9BAE-4BDA-AB0F-7B710C871B54}.Release|x64.ActiveCfg = Release|x64
		{9ACA5C55-9BAE-4BDA-AB0F-7B710C871B54}.Release|x64.Build.0 = Release|x64
		{AAF192FF-E715-4390-BDBB-F13CCCD76D12}.Debug|Any CPU.ActiveCfg = Debug|Any CPU
		{AAF192FF-E715-4390-BDBB-F13CCCD76D12}.Debug|Any CPU.Build.0 = Debug|Any CPU
		{AAF192FF-E715-4390-BDBB-F13CCCD76D12}.Debug|x64.ActiveCfg = Debug|Any CPU
		{AAF192FF-E715-4390-BDBB-F13CCCD76D12}.Debug|x64.Build.0 = Debug|Any CPU
		{AAF192FF-E715-4390-BDBB-F13CCCD76D12}.Release|Any CPU.ActiveCfg = Release|Any CPU
		{AAF192FF-E715-4390-BDBB-F13CCCD76D12}.Release|Any CPU.Build.0 = Release|Any CPU
		{AAF192FF-E715-4390-BDBB-F13CCCD76D12}.Release|x64.ActiveCfg = Release|Any CPU
		{AAF192FF-E715-4390-BDBB-F13CCCD76D12}.Release|x64.Build.0 = Release|Any CPU
		{8276843D-C7B5-4A79-9E34-AE7D80FE49CC}.Debug|Any CPU.ActiveCfg = Debug|Any CPU
		{8276843D-C7B5-4A79-9E34-AE7D80FE49CC}.Debug|Any CPU.Build.0 = Debug|Any CPU
		{8276843D-C7B5-4A79-9E34-AE7D80FE49CC}.Debug|x64.ActiveCfg = Debug|Any CPU
		{8276843D-C7B5-4A79-9E34-AE7D80FE49CC}.Debug|x64.Build.0 = Debug|Any CPU
		{8276843D-C7B5-4A79-9E34-AE7D80FE49CC}.Release|Any CPU.ActiveCfg = Release|Any CPU
		{8276843D-C7B5-4A79-9E34-AE7D80FE49CC}.Release|Any CPU.Build.0 = Release|Any CPU
		{8276843D-C7B5-4A79-9E34-AE7D80FE49CC}.Release|x64.ActiveCfg = Release|Any CPU
		{8276843D-C7B5-4A79-9E34-AE7D80FE49CC}.Release|x64.Build.0 = Release|Any CPU
		{DF6DC407-CA1D-4436-BD69-CED9B8313374}.Debug|Any CPU.ActiveCfg = Debug|Any CPU
		{DF6DC407-CA1D-4436-BD69-CED9B8313374}.Debug|Any CPU.Build.0 = Debug|Any CPU
		{DF6DC407-CA1D-4436-BD69-CED9B8313374}.Debug|x64.ActiveCfg = Debug|Any CPU
		{DF6DC407-CA1D-4436-BD69-CED9B8313374}.Debug|x64.Build.0 = Debug|Any CPU
		{DF6DC407-CA1D-4436-BD69-CED9B8313374}.Release|Any CPU.ActiveCfg = Release|Any CPU
		{DF6DC407-CA1D-4436-BD69-CED9B8313374}.Release|Any CPU.Build.0 = Release|Any CPU
		{DF6DC407-CA1D-4436-BD69-CED9B8313374}.Release|x64.ActiveCfg = Release|Any CPU
		{DF6DC407-CA1D-4436-BD69-CED9B8313374}.Release|x64.Build.0 = Release|Any CPU
		{01122B82-38DF-4E69-8768-1559C852E51B}.Debug|Any CPU.ActiveCfg = Debug|x64
		{01122B82-38DF-4E69-8768-1559C852E51B}.Debug|x64.ActiveCfg = Debug|x64
		{01122B82-38DF-4E69-8768-1559C852E51B}.Debug|x64.Build.0 = Debug|x64
		{01122B82-38DF-4E69-8768-1559C852E51B}.Release|Any CPU.ActiveCfg = Release|x64
		{01122B82-38DF-4E69-8768-1559C852E51B}.Release|x64.ActiveCfg = Release|x64
		{01122B82-38DF-4E69-8768-1559C852E51B}.Release|x64.Build.0 = Release|x64
		{104F5AF0-3278-4B43-9B2E-B5D008D3212F}.Debug|Any CPU.ActiveCfg = Debug|Any CPU
		{104F5AF0-3278-4B43-9B2E-B5D008D3212F}.Debug|Any CPU.Build.0 = Debug|Any CPU
		{104F5AF0-3278-4B43-9B2E-B5D008D3212F}.Debug|x64.ActiveCfg = Debug|Any CPU
		{104F5AF0-3278-4B43-9B2E-B5D008D3212F}.Debug|x64.Build.0 = Debug|Any CPU
		{104F5AF0-3278-4B43-9B2E-B5D008D3212F}.Release|Any CPU.ActiveCfg = Release|Any CPU
		{104F5AF0-3278-4B43-9B2E-B5D008D3212F}.Release|Any CPU.Build.0 = Release|Any CPU
		{104F5AF0-3278-4B43-9B2E-B5D008D3212F}.Release|x64.ActiveCfg = Release|Any CPU
		{104F5AF0-3278-4B43-9B2E-B5D008D3212F}.Release|x64.Build.0 = Release|Any CPU
		{CEB56B04-679D-4789-ADFA-40BBF814FDAB}.Debug|Any CPU.ActiveCfg = Debug|x64
		{CEB56B04-679D-4789-ADFA-40BBF814FDAB}.Debug|x64.ActiveCfg = Debug|x64
		{CEB56B04-679D-4789-ADFA-40BBF814FDAB}.Debug|x64.Build.0 = Debug|x64
		{CEB56B04-679D-4789-ADFA-40BBF814FDAB}.Release|Any CPU.ActiveCfg = Release|x64
		{CEB56B04-679D-4789-ADFA-40BBF814FDAB}.Release|x64.ActiveCfg = Release|x64
		{CEB56B04-679D-4789-ADFA-40BBF814FDAB}.Release|x64.Build.0 = Release|x64
		{19E2AF0A-CCA3-4514-A77E-873987717C27}.Debug|Any CPU.ActiveCfg = Debug|x64
		{19E2AF0A-CCA3-4514-A77E-873987717C27}.Debug|x64.ActiveCfg = Debug|x64
		{19E2AF0A-CCA3-4514-A77E-873987717C27}.Debug|x64.Build.0 = Debug|x64
		{19E2AF0A-CCA3-4514-A77E-873987717C27}.Release|Any CPU.ActiveCfg = Release|x64
		{19E2AF0A-CCA3-4514-A77E-873987717C27}.Release|x64.ActiveCfg = Release|x64
		{19E2AF0A-CCA3-4514-A77E-873987717C27}.Release|x64.Build.0 = Release|x64
		{13D9A13A-7506-432E-85DE-BAE85D3D74D8}.Debug|Any CPU.ActiveCfg = Debug|x64
		{13D9A13A-7506-432E-85DE-BAE85D3D74D8}.Debug|x64.ActiveCfg = Debug|x64
		{13D9A13A-7506-432E-85DE-BAE85D3D74D8}.Debug|x64.Build.0 = Debug|x64
		{13D9A13A-7506-432E-85DE-BAE85D3D74D8}.Release|Any CPU.ActiveCfg = Release|x64
		{13D9A13A-7506-432E-85DE-BAE85D3D74D8}.Release|x64.ActiveCfg = Release|x64
		{13D9A13A-7506-432E-85DE-BAE85D3D74D8}.Release|x64.Build.0 = Release|x64
		{24ECDA96-F5D5-4734-96AA-CC64B44E7927}.Debug|Any CPU.ActiveCfg = Debug|x64
		{24ECDA96-F5D5-4734-96AA-CC64B44E7927}.Debug|x64.ActiveCfg = Debug|x64
		{24ECDA96-F5D5-4734-96AA-CC64B44E7927}.Debug|x64.Build.0 = Debug|x64
		{24ECDA96-F5D5-4734-96AA-CC64B44E7927}.Release|Any CPU.ActiveCfg = Release|x64
		{24ECDA96-F5D5-4734-96AA-CC64B44E7927}.Release|x64.ActiveCfg = Release|x64
		{24ECDA96-F5D5-4734-96AA-CC64B44E7927}.Release|x64.Build.0 = Release|x64
		{D874F953-2D6D-4251-8A53-D72B9CFD0BBA}.Debug|Any CPU.ActiveCfg = Debug|x64
		{D874F953-2D6D-4251-8A53-D72B9CFD0BBA}.Debug|x64.ActiveCfg = Debug|x64
		{D874F953-2D6D-4251-8A53-D72B9CFD0BBA}.Debug|x64.Build.0 = Debug|x64
		{D874F953-2D6D-4251-8A53-D72B9CFD0BBA}.Release|Any CPU.ActiveCfg = Release|x64
		{D874F953-2D6D-4251-8A53-D72B9CFD0BBA}.Release|x64.ActiveCfg = Release|x64
		{D874F953-2D6D-4251-8A53-D72B9CFD0BBA}.Release|x64.Build.0 = Release|x64
		{3453974D-284D-4452-9231-48C7DB97878A}.Debug|Any CPU.ActiveCfg = Debug|x64
		{3453974D-284D-4452-9231-48C7DB97878A}.Debug|x64.ActiveCfg = Debug|x64
		{3453974D-284D-4452-9231-48C7DB97878A}.Debug|x64.Build.0 = Debug|x64
		{3453974D-284D-4452-9231-48C7DB97878A}.Release|Any CPU.ActiveCfg = Release|x64
		{3453974D-284D-4452-9231-48C7DB97878A}.Release|x64.ActiveCfg = Release|x64
		{3453974D-284D-4452-9231-48C7DB97878A}.Release|x64.Build.0 = Release|x64
		{D0B72789-8A44-4B14-A081-DC96B4AEA006}.Debug|Any CPU.ActiveCfg = Debug|x64
		{D0B72789-8A44-4B14-A081-DC96B4AEA006}.Debug|x64.ActiveCfg = Debug|x64
		{D0B72789-8A44-4B14-A081-DC96B4AEA006}.Debug|x64.Build.0 = Debug|x64
		{D0B72789-8A44-4B14-A081-DC96B4AEA006}.Release|Any CPU.ActiveCfg = Release|x64
		{D0B72789-8A44-4B14-A081-DC96B4AEA006}.Release|x64.ActiveCfg = Release|x64
		{D0B72789-8A44-4B14-A081-DC96B4AEA006}.Release|x64.Build.0 = Release|x64
	EndGlobalSection
	GlobalSection(SolutionProperties) = preSolution
		HideSolutionNode = FALSE
	EndGlobalSection
	GlobalSection(NestedProjects) = preSolution
		{6AC95773-3EDF-4E3E-B52F-4EEA8071EB28} = {7DF95431-05D6-44D5-A188-5A4F2219427D}
		{F0A3616E-400E-4F7B-A91F-668440A1E103} = {7DF95431-05D6-44D5-A188-5A4F2219427D}
		{5F6487E7-B4D7-4020-8566-681ABBDF31CD} = {7574C7E3-EF98-4FF0-A703-3C28E6810A8B}
		{3F44F6A8-B565-46E8-A8DF-0DE5EF9A036B} = {7574C7E3-EF98-4FF0-A703-3C28E6810A8B}
		{CFFB4AB4-CF40-45DF-8890-721DEA2FDC48} = {7DF95431-05D6-44D5-A188-5A4F2219427D}
		{2E48659B-92B7-49A1-9B78-191239A7BB4E} = {7DF95431-05D6-44D5-A188-5A4F2219427D}
		{DCADDF66-326E-424E-AE55-DC56C93FFE72} = {7574C7E3-EF98-4FF0-A703-3C28E6810A8B}
		{3546AEC1-23D6-4263-9078-BE0E7C1DE300} = {12BF4BE1-6251-41BB-8BA1-5548FCEF2D5C}
		{AACD5A6C-AAC0-4626-8FF6-70B183185DF2} = {7574C7E3-EF98-4FF0-A703-3C28E6810A8B}
		{F2FA1B20-C579-429A-B115-C47873785402} = {7DF95431-05D6-44D5-A188-5A4F2219427D}
		{497F611D-6B14-4F74-9AAC-B59AE2E68602} = {7DF95431-05D6-44D5-A188-5A4F2219427D}
		{9ACA5C55-9BAE-4BDA-AB0F-7B710C871B54} = {7DF95431-05D6-44D5-A188-5A4F2219427D}
		{AAF192FF-E715-4390-BDBB-F13CCCD76D12} = {7574C7E3-EF98-4FF0-A703-3C28E6810A8B}
		{8276843D-C7B5-4A79-9E34-AE7D80FE49CC} = {12BF4BE1-6251-41BB-8BA1-5548FCEF2D5C}
		{DF6DC407-CA1D-4436-BD69-CED9B8313374} = {7574C7E3-EF98-4FF0-A703-3C28E6810A8B}
		{01122B82-38DF-4E69-8768-1559C852E51B} = {C94A4690-88E0-409D-9EA3-5449BC3B0CA1}
		{104F5AF0-3278-4B43-9B2E-B5D008D3212F} = {7574C7E3-EF98-4FF0-A703-3C28E6810A8B}
		{CEB56B04-679D-4789-ADFA-40BBF814FDAB} = {7DF95431-05D6-44D5-A188-5A4F2219427D}
		{19E2AF0A-CCA3-4514-A77E-873987717C27} = {7DF95431-05D6-44D5-A188-5A4F2219427D}
		{13D9A13A-7506-432E-85DE-BAE85D3D74D8} = {7DF95431-05D6-44D5-A188-5A4F2219427D}
		{24ECDA96-F5D5-4734-96AA-CC64B44E7927} = {7DF95431-05D6-44D5-A188-5A4F2219427D}
		{D874F953-2D6D-4251-8A53-D72B9CFD0BBA} = {C94A4690-88E0-409D-9EA3-5449BC3B0CA1}
		{3453974D-284D-4452-9231-48C7DB97878A} = {C94A4690-88E0-409D-9EA3-5449BC3B0CA1}
		{D0B72789-8A44-4B14-A081-DC96B4AEA006} = {C94A4690-88E0-409D-9EA3-5449BC3B0CA1}
	EndGlobalSection
EndGlobal
